
Microsoft Visual Studio Solution File, Format Version 12.00
Project("{2150E333-8FDC-42A3-9474-1A3956D46DE8}") = "src", "src", "{86DF284B-46E5-43A5-A79D-511761DDCE39}"
EndProject
Project("{2150E333-8FDC-42A3-9474-1A3956D46DE8}") = "ApiGateways", "ApiGateways", "{7CD757BD-1A5A-4032-984F-F647748DE0F2}"
EndProject
Project("{2150E333-8FDC-42A3-9474-1A3956D46DE8}") = "Services", "Services", "{D89BB349-E853-4B6A-9763-C9240C07AC25}"
EndProject
Project("{FAE04EC0-301F-11D3-BF4B-00C04F79EFBC}") = "Web.Api.Gateway", "src\ApiGateways\Web.Api.Gateway\Web.Api.Gateway.csproj", "{6A725430-850E-45DA-A57A-D882AD280581}"
EndProject
Project("{2150E333-8FDC-42A3-9474-1A3956D46DE8}") = "Order", "Order", "{359C7461-4C12-475B-B631-D65FE2F8348A}"
EndProject
Project("{FAE04EC0-301F-11D3-BF4B-00C04F79EFBC}") = "Order.Service", "src\Services\Order\Order.Service\Order.Service.csproj", "{6DADBA39-7CB6-48C5-916E-494A64BE5D51}"
EndProject
Project("{FAE04EC0-301F-11D3-BF4B-00C04F79EFBC}") = "Order.Common", "src\Services\Order\Order.Common\Order.Common.csproj", "{3C1B3FC2-9981-4DE6-8890-DF5D204E0ABB}"
EndProject
Global
	GlobalSection(SolutionConfigurationPlatforms) = preSolution
		Debug|Any CPU = Debug|Any CPU
		Release|Any CPU = Release|Any CPU
	EndGlobalSection
	GlobalSection(NestedProjects) = preSolution
		{7CD757BD-1A5A-4032-984F-F647748DE0F2} = {86DF284B-46E5-43A5-A79D-511761DDCE39}
		{D89BB349-E853-4B6A-9763-C9240C07AC25} = {86DF284B-46E5-43A5-A79D-511761DDCE39}
		{6A725430-850E-45DA-A57A-D882AD280581} = {7CD757BD-1A5A-4032-984F-F647748DE0F2}
		{359C7461-4C12-475B-B631-D65FE2F8348A} = {D89BB349-E853-4B6A-9763-C9240C07AC25}
		{6DADBA39-7CB6-48C5-916E-494A64BE5D51} = {359C7461-4C12-475B-B631-D65FE2F8348A}
		{3C1B3FC2-9981-4DE6-8890-DF5D204E0ABB} = {359C7461-4C12-475B-B631-D65FE2F8348A}
	EndGlobalSection
	GlobalSection(ProjectConfigurationPlatforms) = postSolution
		{6A725430-850E-45DA-A57A-D882AD280581}.Debug|Any CPU.ActiveCfg = Debug|Any CPU
		{6A725430-850E-45DA-A57A-D882AD280581}.Debug|Any CPU.Build.0 = Debug|Any CPU
		{6A725430-850E-45DA-A57A-D882AD280581}.Release|Any CPU.ActiveCfg = Release|Any CPU
		{6A725430-850E-45DA-A57A-D882AD280581}.Release|Any CPU.Build.0 = Release|Any CPU
		{6DADBA39-7CB6-48C5-916E-494A64BE5D51}.Debug|Any CPU.ActiveCfg = Debug|Any CPU
		{6DADBA39-7CB6-48C5-916E-494A64BE5D51}.Debug|Any CPU.Build.0 = Debug|Any CPU
		{6DADBA39-7CB6-48C5-916E-494A64BE5D51}.Release|Any CPU.ActiveCfg = Release|Any CPU
		{6DADBA39-7CB6-48C5-916E-494A64BE5D51}.Release|Any CPU.Build.0 = Release|Any CPU
		{3C1B3FC2-9981-4DE6-8890-DF5D204E0ABB}.Debug|Any CPU.ActiveCfg = Debug|Any CPU
		{3C1B3FC2-9981-4DE6-8890-DF5D204E0ABB}.Debug|Any CPU.Build.0 = Debug|Any CPU
		{3C1B3FC2-9981-4DE6-8890-DF5D204E0ABB}.Release|Any CPU.ActiveCfg = Release|Any CPU
		{3C1B3FC2-9981-4DE6-8890-DF5D204E0ABB}.Release|Any CPU.Build.0 = Release|Any CPU
	EndGlobalSection
EndGlobal
